// !$*UTF8*$!
{
	archiveVersion = 1;
	classes = {
	};
	objectVersion = 50;
	objects = {

/* Begin PBXBuildFile section */
		5081544C207BB9BE0001B7BC /* AppDelegate.swift in Sources */ = {isa = PBXBuildFile; fileRef = 5081544B207BB9BE0001B7BC /* AppDelegate.swift */; };
		5081544E207BB9BE0001B7BC /* ViewController.swift in Sources */ = {isa = PBXBuildFile; fileRef = 5081544D207BB9BE0001B7BC /* ViewController.swift */; };
		50815451207BB9BE0001B7BC /* Main.storyboard in Resources */ = {isa = PBXBuildFile; fileRef = 5081544F207BB9BE0001B7BC /* Main.storyboard */; };
		50815453207BB9C40001B7BC /* Assets.xcassets in Resources */ = {isa = PBXBuildFile; fileRef = 50815452207BB9C40001B7BC /* Assets.xcassets */; };
		50815456207BB9C40001B7BC /* LaunchScreen.storyboard in Resources */ = {isa = PBXBuildFile; fileRef = 50815454207BB9C40001B7BC /* LaunchScreen.storyboard */; };
		50E83CFC2088CB3B004A4A4B /* Model.swift in Sources */ = {isa = PBXBuildFile; fileRef = 50E83CFB2088CB3B004A4A4B /* Model.swift */; };
		50E83CFE2088CB54004A4A4B /* DefaultAPI.swift in Sources */ = {isa = PBXBuildFile; fileRef = 50E83CFD2088CB54004A4A4B /* DefaultAPI.swift */; };
		50E83D002088D723004A4A4B /* AuditTableViewController.swift in Sources */ = {isa = PBXBuildFile; fileRef = 50E83CFF2088D723004A4A4B /* AuditTableViewController.swift */; };
		9BB836E7208B740D00F4FCED /* ToDoFile in Resources */ = {isa = PBXBuildFile; fileRef = 9BB836E6208B740D00F4FCED /* ToDoFile */; };
		C9540D4B20851C3C001D77AF /* APIHelper.swift in Sources */ = {isa = PBXBuildFile; fileRef = C9540D1520851C3C001D77AF /* APIHelper.swift */; };
		C9540D4C20851C3C001D77AF /* AlamofireImplementations.swift in Sources */ = {isa = PBXBuildFile; fileRef = C9540D1620851C3C001D77AF /* AlamofireImplementations.swift */; };
		C9540D5420851C3C001D77AF /* CodableHelper.swift in Sources */ = {isa = PBXBuildFile; fileRef = C9540D1F20851C3C001D77AF /* CodableHelper.swift */; };
		C9540D5520851C3C001D77AF /* JSONEncodableEncoding.swift in Sources */ = {isa = PBXBuildFile; fileRef = C9540D2020851C3C001D77AF /* JSONEncodableEncoding.swift */; };
		C9540D5620851C3C001D77AF /* APIs.swift in Sources */ = {isa = PBXBuildFile; fileRef = C9540D2120851C3C001D77AF /* APIs.swift */; };
		C9540D7B20851C3C001D77AF /* Extensions.swift in Sources */ = {isa = PBXBuildFile; fileRef = C9540D4720851C3C001D77AF /* Extensions.swift */; };
		C9540D7C20851C3C001D77AF /* JSONEncodingHelper.swift in Sources */ = {isa = PBXBuildFile; fileRef = C9540D4820851C3C001D77AF /* JSONEncodingHelper.swift */; };
		C9540D7D20851C3C001D77AF /* Models.swift in Sources */ = {isa = PBXBuildFile; fileRef = C9540D4920851C3C001D77AF /* Models.swift */; };
		C9540D7E20851C3C001D77AF /* Configuration.swift in Sources */ = {isa = PBXBuildFile; fileRef = C9540D4A20851C3C001D77AF /* Configuration.swift */; };
		C9540DBD208527B6001D77AF /* Alamofire.framework in Frameworks */ = {isa = PBXBuildFile; fileRef = C9540DB02085279E001D77AF /* Alamofire.framework */; };
		C9540DBE208527B6001D77AF /* Alamofire.framework in Embed Frameworks */ = {isa = PBXBuildFile; fileRef = C9540DB02085279E001D77AF /* Alamofire.framework */; settings = {ATTRIBUTES = (CodeSignOnCopy, RemoveHeadersOnCopy, ); }; };
		C9A80A86208E0AC90036BC43 /* PostViewController.swift in Sources */ = {isa = PBXBuildFile; fileRef = C9A80A85208E0AC90036BC43 /* PostViewController.swift */; };
/* End PBXBuildFile section */

/* Begin PBXContainerItemProxy section */
		C9540DAF2085279E001D77AF /* PBXContainerItemProxy */ = {
			isa = PBXContainerItemProxy;
			containerPortal = C9540DA42085279E001D77AF /* Alamofire.xcodeproj */;
			proxyType = 2;
			remoteGlobalIDString = F8111E3319A95C8B0040E7D1;
			remoteInfo = "Alamofire iOS";
		};
		C9540DB12085279E001D77AF /* PBXContainerItemProxy */ = {
			isa = PBXContainerItemProxy;
			containerPortal = C9540DA42085279E001D77AF /* Alamofire.xcodeproj */;
			proxyType = 2;
			remoteGlobalIDString = F8111E3E19A95C8B0040E7D1;
			remoteInfo = "Alamofire iOS Tests";
		};
		C9540DB32085279E001D77AF /* PBXContainerItemProxy */ = {
			isa = PBXContainerItemProxy;
			containerPortal = C9540DA42085279E001D77AF /* Alamofire.xcodeproj */;
			proxyType = 2;
			remoteGlobalIDString = 4DD67C0B1A5C55C900ED2280;
			remoteInfo = "Alamofire macOS";
		};
		C9540DB52085279E001D77AF /* PBXContainerItemProxy */ = {
			isa = PBXContainerItemProxy;
			containerPortal = C9540DA42085279E001D77AF /* Alamofire.xcodeproj */;
			proxyType = 2;
			remoteGlobalIDString = F829C6B21A7A94F100A2CD59;
			remoteInfo = "Alamofire macOS Tests";
		};
		C9540DB72085279E001D77AF /* PBXContainerItemProxy */ = {
			isa = PBXContainerItemProxy;
			containerPortal = C9540DA42085279E001D77AF /* Alamofire.xcodeproj */;
			proxyType = 2;
			remoteGlobalIDString = 4CF626EF1BA7CB3E0011A099;
			remoteInfo = "Alamofire tvOS";
		};
		C9540DB92085279E001D77AF /* PBXContainerItemProxy */ = {
			isa = PBXContainerItemProxy;
			containerPortal = C9540DA42085279E001D77AF /* Alamofire.xcodeproj */;
			proxyType = 2;
			remoteGlobalIDString = 4CF626F81BA7CB3E0011A099;
			remoteInfo = "Alamofire tvOS Tests";
		};
		C9540DBB2085279E001D77AF /* PBXContainerItemProxy */ = {
			isa = PBXContainerItemProxy;
			containerPortal = C9540DA42085279E001D77AF /* Alamofire.xcodeproj */;
			proxyType = 2;
			remoteGlobalIDString = E4202FE01B667AA100C997FB;
			remoteInfo = "Alamofire watchOS";
		};
		C9540DBF208527B6001D77AF /* PBXContainerItemProxy */ = {
			isa = PBXContainerItemProxy;
			containerPortal = C9540DA42085279E001D77AF /* Alamofire.xcodeproj */;
			proxyType = 1;
			remoteGlobalIDString = F8111E3219A95C8B0040E7D1;
			remoteInfo = "Alamofire iOS";
		};
/* End PBXContainerItemProxy section */

/* Begin PBXCopyFilesBuildPhase section */
		C91BA8C1207E605A00F6E2CF /* Embed Frameworks */ = {
			isa = PBXCopyFilesBuildPhase;
			buildActionMask = 2147483647;
			dstPath = "";
			dstSubfolderSpec = 10;
			files = (
				C9540DBE208527B6001D77AF /* Alamofire.framework in Embed Frameworks */,
			);
			name = "Embed Frameworks";
			runOnlyForDeploymentPostprocessing = 0;
		};
/* End PBXCopyFilesBuildPhase section */

/* Begin PBXFileReference section */
		50815448207BB9BE0001B7BC /* HealthSpaceSIMBA_iOS.app */ = {isa = PBXFileReference; explicitFileType = wrapper.application; includeInIndex = 0; path = HealthSpaceSIMBA_iOS.app; sourceTree = BUILT_PRODUCTS_DIR; };
		5081544B207BB9BE0001B7BC /* AppDelegate.swift */ = {isa = PBXFileReference; lastKnownFileType = sourcecode.swift; path = AppDelegate.swift; sourceTree = "<group>"; };
		5081544D207BB9BE0001B7BC /* ViewController.swift */ = {isa = PBXFileReference; lastKnownFileType = sourcecode.swift; path = ViewController.swift; sourceTree = "<group>"; };
		50815450207BB9BE0001B7BC /* Base */ = {isa = PBXFileReference; lastKnownFileType = file.storyboard; name = Base; path = Base.lproj/Main.storyboard; sourceTree = "<group>"; };
		50815452207BB9C40001B7BC /* Assets.xcassets */ = {isa = PBXFileReference; lastKnownFileType = folder.assetcatalog; path = Assets.xcassets; sourceTree = "<group>"; };
		50815455207BB9C40001B7BC /* Base */ = {isa = PBXFileReference; lastKnownFileType = file.storyboard; name = Base; path = Base.lproj/LaunchScreen.storyboard; sourceTree = "<group>"; };
		50815457207BB9C40001B7BC /* Info.plist */ = {isa = PBXFileReference; lastKnownFileType = text.plist.xml; path = Info.plist; sourceTree = "<group>"; };
		50E83CFB2088CB3B004A4A4B /* Model.swift */ = {isa = PBXFileReference; lastKnownFileType = sourcecode.swift; path = Model.swift; sourceTree = "<group>"; };
		50E83CFD2088CB54004A4A4B /* DefaultAPI.swift */ = {isa = PBXFileReference; lastKnownFileType = sourcecode.swift; path = DefaultAPI.swift; sourceTree = "<group>"; };
		50E83CFF2088D723004A4A4B /* AuditTableViewController.swift */ = {isa = PBXFileReference; lastKnownFileType = sourcecode.swift; path = AuditTableViewController.swift; sourceTree = "<group>"; };
		9BB836E6208B740D00F4FCED /* ToDoFile */ = {isa = PBXFileReference; lastKnownFileType = text; name = ToDoFile; path = HealthSpaceSIMBA_iOS/ToDoFile; sourceTree = SOURCE_ROOT; };
		C9540D1520851C3C001D77AF /* APIHelper.swift */ = {isa = PBXFileReference; fileEncoding = 4; lastKnownFileType = sourcecode.swift; path = APIHelper.swift; sourceTree = "<group>"; };
		C9540D1620851C3C001D77AF /* AlamofireImplementations.swift */ = {isa = PBXFileReference; fileEncoding = 4; lastKnownFileType = sourcecode.swift; path = AlamofireImplementations.swift; sourceTree = "<group>"; };
		C9540D1F20851C3C001D77AF /* CodableHelper.swift */ = {isa = PBXFileReference; fileEncoding = 4; lastKnownFileType = sourcecode.swift; path = CodableHelper.swift; sourceTree = "<group>"; };
		C9540D2020851C3C001D77AF /* JSONEncodableEncoding.swift */ = {isa = PBXFileReference; fileEncoding = 4; lastKnownFileType = sourcecode.swift; path = JSONEncodableEncoding.swift; sourceTree = "<group>"; };
		C9540D2120851C3C001D77AF /* APIs.swift */ = {isa = PBXFileReference; fileEncoding = 4; lastKnownFileType = sourcecode.swift; path = APIs.swift; sourceTree = "<group>"; };
		C9540D4720851C3C001D77AF /* Extensions.swift */ = {isa = PBXFileReference; fileEncoding = 4; lastKnownFileType = sourcecode.swift; path = Extensions.swift; sourceTree = "<group>"; };
		C9540D4820851C3C001D77AF /* JSONEncodingHelper.swift */ = {isa = PBXFileReference; fileEncoding = 4; lastKnownFileType = sourcecode.swift; path = JSONEncodingHelper.swift; sourceTree = "<group>"; };
		C9540D4920851C3C001D77AF /* Models.swift */ = {isa = PBXFileReference; fileEncoding = 4; lastKnownFileType = sourcecode.swift; path = Models.swift; sourceTree = "<group>"; };
		C9540D4A20851C3C001D77AF /* Configuration.swift */ = {isa = PBXFileReference; fileEncoding = 4; lastKnownFileType = sourcecode.swift; path = Configuration.swift; sourceTree = "<group>"; };
		C9540DA42085279E001D77AF /* Alamofire.xcodeproj */ = {isa = PBXFileReference; lastKnownFileType = "wrapper.pb-project"; name = Alamofire.xcodeproj; path = "Alamofire-master/Alamofire.xcodeproj"; sourceTree = "<group>"; };
		C9A80A85208E0AC90036BC43 /* PostViewController.swift */ = {isa = PBXFileReference; lastKnownFileType = sourcecode.swift; path = PostViewController.swift; sourceTree = "<group>"; };
/* End PBXFileReference section */

/* Begin PBXFrameworksBuildPhase section */
		50815445207BB9BE0001B7BC /* Frameworks */ = {
			isa = PBXFrameworksBuildPhase;
			buildActionMask = 2147483647;
			files = (
				C9540DBD208527B6001D77AF /* Alamofire.framework in Frameworks */,
			);
			runOnlyForDeploymentPostprocessing = 0;
		};
/* End PBXFrameworksBuildPhase section */

/* Begin PBXGroup section */
		5081543F207BB9BE0001B7BC = {
			isa = PBXGroup;
			children = (
				C9540DA42085279E001D77AF /* Alamofire.xcodeproj */,
				5081544A207BB9BE0001B7BC /* HealthSpaceSIMBA_iOS */,
				50815449207BB9BE0001B7BC /* Products */,
			);
			sourceTree = "<group>";
		};
		50815449207BB9BE0001B7BC /* Products */ = {
			isa = PBXGroup;
			children = (
				50815448207BB9BE0001B7BC /* HealthSpaceSIMBA_iOS.app */,
			);
			name = Products;
			sourceTree = "<group>";
		};
		5081544A207BB9BE0001B7BC /* HealthSpaceSIMBA_iOS */ = {
			isa = PBXGroup;
			children = (
				C9540D1420851C3C001D77AF /* Swaggers */,
				5081544B207BB9BE0001B7BC /* AppDelegate.swift */,
				5081544D207BB9BE0001B7BC /* ViewController.swift */,
				50E83CFF2088D723004A4A4B /* AuditTableViewController.swift */,
				C9A80A85208E0AC90036BC43 /* PostViewController.swift */,
				5081544F207BB9BE0001B7BC /* Main.storyboard */,
				50815452207BB9C40001B7BC /* Assets.xcassets */,
				50815454207BB9C40001B7BC /* LaunchScreen.storyboard */,
				50815457207BB9C40001B7BC /* Info.plist */,
				9BB836E6208B740D00F4FCED /* ToDoFile */,
			);
			path = HealthSpaceSIMBA_iOS;
			sourceTree = "<group>";
		};
		C9540D1420851C3C001D77AF /* Swaggers */ = {
			isa = PBXGroup;
			children = (
				C9540D1520851C3C001D77AF /* APIHelper.swift */,
				C9540D1620851C3C001D77AF /* AlamofireImplementations.swift */,
				C9540D1720851C3C001D77AF /* APIs */,
				C9540D1F20851C3C001D77AF /* CodableHelper.swift */,
				C9540D2020851C3C001D77AF /* JSONEncodableEncoding.swift */,
				C9540D2120851C3C001D77AF /* APIs.swift */,
				C9540D2220851C3C001D77AF /* Models */,
				C9540D4720851C3C001D77AF /* Extensions.swift */,
				C9540D4820851C3C001D77AF /* JSONEncodingHelper.swift */,
				C9540D4920851C3C001D77AF /* Models.swift */,
				C9540D4A20851C3C001D77AF /* Configuration.swift */,
			);
			path = Swaggers;
			sourceTree = SOURCE_ROOT;
		};
		C9540D1720851C3C001D77AF /* APIs */ = {
			isa = PBXGroup;
			children = (
				50E83CFD2088CB54004A4A4B /* DefaultAPI.swift */,
			);
			path = APIs;
			sourceTree = "<group>";
		};
		C9540D2220851C3C001D77AF /* Models */ = {
			isa = PBXGroup;
			children = (
				50E83CFB2088CB3B004A4A4B /* Model.swift */,
			);
			path = Models;
			sourceTree = "<group>";
		};
		C9540DA52085279E001D77AF /* Products */ = {
			isa = PBXGroup;
			children = (
				C9540DB02085279E001D77AF /* Alamofire.framework */,
				C9540DB22085279E001D77AF /* Alamofire iOS Tests.xctest */,
				C9540DB42085279E001D77AF /* Alamofire.framework */,
				C9540DB62085279E001D77AF /* Alamofire macOS Tests.xctest */,
				C9540DB82085279E001D77AF /* Alamofire.framework */,
				C9540DBA2085279E001D77AF /* Alamofire tvOS Tests.xctest */,
				C9540DBC2085279E001D77AF /* Alamofire.framework */,
			);
			name = Products;
			sourceTree = "<group>";
		};
/* End PBXGroup section */

/* Begin PBXNativeTarget section */
		50815447207BB9BE0001B7BC /* HealthSpaceSIMBA_iOS */ = {
			isa = PBXNativeTarget;
			buildConfigurationList = 5081545A207BB9C40001B7BC /* Build configuration list for PBXNativeTarget "HealthSpaceSIMBA_iOS" */;
			buildPhases = (
				50815444207BB9BE0001B7BC /* Sources */,
				50815445207BB9BE0001B7BC /* Frameworks */,
				50815446207BB9BE0001B7BC /* Resources */,
				C91BA8C1207E605A00F6E2CF /* Embed Frameworks */,
			);
			buildRules = (
			);
			dependencies = (
				C9540DC0208527B6001D77AF /* PBXTargetDependency */,
			);
			name = HealthSpaceSIMBA_iOS;
			productName = HealthSpaceSIMBA_iOS;
			productReference = 50815448207BB9BE0001B7BC /* HealthSpaceSIMBA_iOS.app */;
			productType = "com.apple.product-type.application";
		};
/* End PBXNativeTarget section */

/* Begin PBXProject section */
		50815440207BB9BE0001B7BC /* Project object */ = {
			isa = PBXProject;
			attributes = {
				LastSwiftUpdateCheck = 0930;
				LastUpgradeCheck = 0930;
				ORGANIZATIONNAME = ITAMCO;
				TargetAttributes = {
					50815447207BB9BE0001B7BC = {
						CreatedOnToolsVersion = 9.3;
					};
				};
			};
			buildConfigurationList = 50815443207BB9BE0001B7BC /* Build configuration list for PBXProject "HealthSpaceSIMBA_iOS" */;
			compatibilityVersion = "Xcode 9.3";
			developmentRegion = en;
			hasScannedForEncodings = 0;
			knownRegions = (
				en,
				Base,
			);
			mainGroup = 5081543F207BB9BE0001B7BC;
			productRefGroup = 50815449207BB9BE0001B7BC /* Products */;
			projectDirPath = "";
			projectReferences = (
				{
					ProductGroup = C9540DA52085279E001D77AF /* Products */;
					ProjectRef = C9540DA42085279E001D77AF /* Alamofire.xcodeproj */;
				},
			);
			projectRoot = "";
			targets = (
				50815447207BB9BE0001B7BC /* HealthSpaceSIMBA_iOS */,
			);
		};
/* End PBXProject section */

/* Begin PBXReferenceProxy section */
		C9540DB02085279E001D77AF /* Alamofire.framework */ = {
			isa = PBXReferenceProxy;
			fileType = wrapper.framework;
			path = Alamofire.framework;
			remoteRef = C9540DAF2085279E001D77AF /* PBXContainerItemProxy */;
			sourceTree = BUILT_PRODUCTS_DIR;
		};
		C9540DB22085279E001D77AF /* Alamofire iOS Tests.xctest */ = {
			isa = PBXReferenceProxy;
			fileType = wrapper.cfbundle;
			path = "Alamofire iOS Tests.xctest";
			remoteRef = C9540DB12085279E001D77AF /* PBXContainerItemProxy */;
			sourceTree = BUILT_PRODUCTS_DIR;
		};
		C9540DB42085279E001D77AF /* Alamofire.framework */ = {
			isa = PBXReferenceProxy;
			fileType = wrapper.framework;
			path = Alamofire.framework;
			remoteRef = C9540DB32085279E001D77AF /* PBXContainerItemProxy */;
			sourceTree = BUILT_PRODUCTS_DIR;
		};
		C9540DB62085279E001D77AF /* Alamofire macOS Tests.xctest */ = {
			isa = PBXReferenceProxy;
			fileType = wrapper.cfbundle;
			path = "Alamofire macOS Tests.xctest";
			remoteRef = C9540DB52085279E001D77AF /* PBXContainerItemProxy */;
			sourceTree = BUILT_PRODUCTS_DIR;
		};
		C9540DB82085279E001D77AF /* Alamofire.framework */ = {
			isa = PBXReferenceProxy;
			fileType = wrapper.framework;
			path = Alamofire.framework;
			remoteRef = C9540DB72085279E001D77AF /* PBXContainerItemProxy */;
			sourceTree = BUILT_PRODUCTS_DIR;
		};
		C9540DBA2085279E001D77AF /* Alamofire tvOS Tests.xctest */ = {
			isa = PBXReferenceProxy;
			fileType = wrapper.cfbundle;
			path = "Alamofire tvOS Tests.xctest";
			remoteRef = C9540DB92085279E001D77AF /* PBXContainerItemProxy */;
			sourceTree = BUILT_PRODUCTS_DIR;
		};
		C9540DBC2085279E001D77AF /* Alamofire.framework */ = {
			isa = PBXReferenceProxy;
			fileType = wrapper.framework;
			path = Alamofire.framework;
			remoteRef = C9540DBB2085279E001D77AF /* PBXContainerItemProxy */;
			sourceTree = BUILT_PRODUCTS_DIR;
		};
/* End PBXReferenceProxy section */

/* Begin PBXResourcesBuildPhase section */
		50815446207BB9BE0001B7BC /* Resources */ = {
			isa = PBXResourcesBuildPhase;
			buildActionMask = 2147483647;
			files = (
				50815456207BB9C40001B7BC /* LaunchScreen.storyboard in Resources */,
				50815453207BB9C40001B7BC /* Assets.xcassets in Resources */,
				9BB836E7208B740D00F4FCED /* ToDoFile in Resources */,
				50815451207BB9BE0001B7BC /* Main.storyboard in Resources */,
			);
			runOnlyForDeploymentPostprocessing = 0;
		};
/* End PBXResourcesBuildPhase section */

/* Begin PBXSourcesBuildPhase section */
		50815444207BB9BE0001B7BC /* Sources */ = {
			isa = PBXSourcesBuildPhase;
			buildActionMask = 2147483647;
			files = (
				50E83CFE2088CB54004A4A4B /* DefaultAPI.swift in Sources */,
				C9540D4B20851C3C001D77AF /* APIHelper.swift in Sources */,
				C9A80A86208E0AC90036BC43 /* PostViewController.swift in Sources */,
				5081544E207BB9BE0001B7BC /* ViewController.swift in Sources */,
				C9540D5420851C3C001D77AF /* CodableHelper.swift in Sources */,
				50E83CFC2088CB3B004A4A4B /* Model.swift in Sources */,
				50E83D002088D723004A4A4B /* AuditTableViewController.swift in Sources */,
				C9540D4C20851C3C001D77AF /* AlamofireImplementations.swift in Sources */,
				C9540D5520851C3C001D77AF /* JSONEncodableEncoding.swift in Sources */,
				C9540D5620851C3C001D77AF /* APIs.swift in Sources */,
				C9540D7B20851C3C001D77AF /* Extensions.swift in Sources */,
				5081544C207BB9BE0001B7BC /* AppDelegate.swift in Sources */,
				C9540D7C20851C3C001D77AF /* JSONEncodingHelper.swift in Sources */,
				C9540D7D20851C3C001D77AF /* Models.swift in Sources */,
				C9540D7E20851C3C001D77AF /* Configuration.swift in Sources */,
			);
			runOnlyForDeploymentPostprocessing = 0;
		};
/* End PBXSourcesBuildPhase section */

/* Begin PBXTargetDependency section */
		C9540DC0208527B6001D77AF /* PBXTargetDependency */ = {
			isa = PBXTargetDependency;
			name = "Alamofire iOS";
			targetProxy = C9540DBF208527B6001D77AF /* PBXContainerItemProxy */;
		};
/* End PBXTargetDependency section */

/* Begin PBXVariantGroup section */
		5081544F207BB9BE0001B7BC /* Main.storyboard */ = {
			isa = PBXVariantGroup;
			children = (
				50815450207BB9BE0001B7BC /* Base */,
			);
			name = Main.storyboard;
			sourceTree = "<group>";
		};
		50815454207BB9C40001B7BC /* LaunchScreen.storyboard */ = {
			isa = PBXVariantGroup;
			children = (
				50815455207BB9C40001B7BC /* Base */,
			);
			name = LaunchScreen.storyboard;
			sourceTree = "<group>";
		};
/* End PBXVariantGroup section */

/* Begin XCBuildConfiguration section */
		50815458207BB9C40001B7BC /* Debug */ = {
			isa = XCBuildConfiguration;
			buildSettings = {
				ALWAYS_SEARCH_USER_PATHS = NO;
				CLANG_ANALYZER_NONNULL = YES;
				CLANG_ANALYZER_NUMBER_OBJECT_CONVERSION = YES_AGGRESSIVE;
				CLANG_CXX_LANGUAGE_STANDARD = "gnu++14";
				CLANG_CXX_LIBRARY = "libc++";
				CLANG_ENABLE_MODULES = YES;
				CLANG_ENABLE_OBJC_ARC = YES;
				CLANG_ENABLE_OBJC_WEAK = YES;
				CLANG_WARN_BLOCK_CAPTURE_AUTORELEASING = YES;
				CLANG_WARN_BOOL_CONVERSION = YES;
				CLANG_WARN_COMMA = YES;
				CLANG_WARN_CONSTANT_CONVERSION = YES;
				CLANG_WARN_DEPRECATED_OBJC_IMPLEMENTATIONS = YES;
				CLANG_WARN_DIRECT_OBJC_ISA_USAGE = YES_ERROR;
				CLANG_WARN_DOCUMENTATION_COMMENTS = YES;
				CLANG_WARN_EMPTY_BODY = YES;
				CLANG_WARN_ENUM_CONVERSION = YES;
				CLANG_WARN_INFINITE_RECURSION = YES;
				CLANG_WARN_INT_CONVERSION = YES;
				CLANG_WARN_NON_LITERAL_NULL_CONVERSION = YES;
				CLANG_WARN_OBJC_IMPLICIT_RETAIN_SELF = YES;
				CLANG_WARN_OBJC_LITERAL_CONVERSION = YES;
				CLANG_WARN_OBJC_ROOT_CLASS = YES_ERROR;
				CLANG_WARN_RANGE_LOOP_ANALYSIS = YES;
				CLANG_WARN_STRICT_PROTOTYPES = YES;
				CLANG_WARN_SUSPICIOUS_MOVE = YES;
				CLANG_WARN_UNGUARDED_AVAILABILITY = YES_AGGRESSIVE;
				CLANG_WARN_UNREACHABLE_CODE = YES;
				CLANG_WARN__DUPLICATE_METHOD_MATCH = YES;
				CODE_SIGN_IDENTITY = "iPhone Developer";
				COPY_PHASE_STRIP = NO;
				DEBUG_INFORMATION_FORMAT = dwarf;
				ENABLE_STRICT_OBJC_MSGSEND = YES;
				ENABLE_TESTABILITY = YES;
				GCC_C_LANGUAGE_STANDARD = gnu11;
				GCC_DYNAMIC_NO_PIC = NO;
				GCC_NO_COMMON_BLOCKS = YES;
				GCC_OPTIMIZATION_LEVEL = 0;
				GCC_PREPROCESSOR_DEFINITIONS = (
					"DEBUG=1",
					"$(inherited)",
				);
				GCC_WARN_64_TO_32_BIT_CONVERSION = YES;
				GCC_WARN_ABOUT_RETURN_TYPE = YES_ERROR;
				GCC_WARN_UNDECLARED_SELECTOR = YES;
				GCC_WARN_UNINITIALIZED_AUTOS = YES_AGGRESSIVE;
				GCC_WARN_UNUSED_FUNCTION = YES;
				GCC_WARN_UNUSED_VARIABLE = YES;
				IPHONEOS_DEPLOYMENT_TARGET = 11.3;
				MTL_ENABLE_DEBUG_INFO = YES;
				ONLY_ACTIVE_ARCH = YES;
				SDKROOT = iphoneos;
				SWIFT_ACTIVE_COMPILATION_CONDITIONS = DEBUG;
				SWIFT_OPTIMIZATION_LEVEL = "-Onone";
			};
			name = Debug;
		};
		50815459207BB9C40001B7BC /* Release */ = {
			isa = XCBuildConfiguration;
			buildSettings = {
				ALWAYS_SEARCH_USER_PATHS = NO;
				CLANG_ANALYZER_NONNULL = YES;
				CLANG_ANALYZER_NUMBER_OBJECT_CONVERSION = YES_AGGRESSIVE;
				CLANG_CXX_LANGUAGE_STANDARD = "gnu++14";
				CLANG_CXX_LIBRARY = "libc++";
				CLANG_ENABLE_MODULES = YES;
				CLANG_ENABLE_OBJC_ARC = YES;
				CLANG_ENABLE_OBJC_WEAK = YES;
				CLANG_WARN_BLOCK_CAPTURE_AUTORELEASING = YES;
				CLANG_WARN_BOOL_CONVERSION = YES;
				CLANG_WARN_COMMA = YES;
				CLANG_WARN_CONSTANT_CONVERSION = YES;
				CLANG_WARN_DEPRECATED_OBJC_IMPLEMENTATIONS = YES;
				CLANG_WARN_DIRECT_OBJC_ISA_USAGE = YES_ERROR;
				CLANG_WARN_DOCUMENTATION_COMMENTS = YES;
				CLANG_WARN_EMPTY_BODY = YES;
				CLANG_WARN_ENUM_CONVERSION = YES;
				CLANG_WARN_INFINITE_RECURSION = YES;
				CLANG_WARN_INT_CONVERSION = YES;
				CLANG_WARN_NON_LITERAL_NULL_CONVERSION = YES;
				CLANG_WARN_OBJC_IMPLICIT_RETAIN_SELF = YES;
				CLANG_WARN_OBJC_LITERAL_CONVERSION = YES;
				CLANG_WARN_OBJC_ROOT_CLASS = YES_ERROR;
				CLANG_WARN_RANGE_LOOP_ANALYSIS = YES;
				CLANG_WARN_STRICT_PROTOTYPES = YES;
				CLANG_WARN_SUSPICIOUS_MOVE = YES;
				CLANG_WARN_UNGUARDED_AVAILABILITY = YES_AGGRESSIVE;
				CLANG_WARN_UNREACHABLE_CODE = YES;
				CLANG_WARN__DUPLICATE_METHOD_MATCH = YES;
				CODE_SIGN_IDENTITY = "iPhone Developer";
				COPY_PHASE_STRIP = NO;
				DEBUG_INFORMATION_FORMAT = "dwarf-with-dsym";
				ENABLE_NS_ASSERTIONS = NO;
				ENABLE_STRICT_OBJC_MSGSEND = YES;
				GCC_C_LANGUAGE_STANDARD = gnu11;
				GCC_NO_COMMON_BLOCKS = YES;
				GCC_WARN_64_TO_32_BIT_CONVERSION = YES;
				GCC_WARN_ABOUT_RETURN_TYPE = YES_ERROR;
				GCC_WARN_UNDECLARED_SELECTOR = YES;
				GCC_WARN_UNINITIALIZED_AUTOS = YES_AGGRESSIVE;
				GCC_WARN_UNUSED_FUNCTION = YES;
				GCC_WARN_UNUSED_VARIABLE = YES;
				IPHONEOS_DEPLOYMENT_TARGET = 11.3;
				MTL_ENABLE_DEBUG_INFO = NO;
				SDKROOT = iphoneos;
				SWIFT_COMPILATION_MODE = wholemodule;
				SWIFT_OPTIMIZATION_LEVEL = "-O";
				VALIDATE_PRODUCT = YES;
			};
			name = Release;
		};
		5081545B207BB9C40001B7BC /* Debug */ = {
			isa = XCBuildConfiguration;
			buildSettings = {
				ALWAYS_EMBED_SWIFT_STANDARD_LIBRARIES = YES;
				ASSETCATALOG_COMPILER_APPICON_NAME = AppIcon;
				CODE_SIGN_STYLE = Automatic;
				DEVELOPMENT_TEAM = QPG5LX748F;
				INFOPLIST_FILE = HealthSpaceSIMBA_iOS/Info.plist;
				IPHONEOS_DEPLOYMENT_TARGET = 11.3;
				LD_RUNPATH_SEARCH_PATHS = (
					"$(inherited)",
					"@executable_path/Frameworks",
				);
				PRODUCT_BUNDLE_IDENTIFIER = "com.ITAMCO.HealthSpaceSIMBA-iOS";
				PRODUCT_NAME = "$(TARGET_NAME)";
				SWIFT_VERSION = 4.0;
				TARGETED_DEVICE_FAMILY = "1,2";
			};
			name = Debug;
		};
		5081545C207BB9C40001B7BC /* Release */ = {
			isa = XCBuildConfiguration;
			buildSettings = {
				ALWAYS_EMBED_SWIFT_STANDARD_LIBRARIES = YES;
				ASSETCATALOG_COMPILER_APPICON_NAME = AppIcon;
				CODE_SIGN_STYLE = Automatic;
				DEVELOPMENT_TEAM = QPG5LX748F;
				INFOPLIST_FILE = HealthSpaceSIMBA_iOS/Info.plist;
				IPHONEOS_DEPLOYMENT_TARGET = 11.3;
				LD_RUNPATH_SEARCH_PATHS = (
					"$(inherited)",
					"@executable_path/Frameworks",
				);
				PRODUCT_BUNDLE_IDENTIFIER = "com.ITAMCO.HealthSpaceSIMBA-iOS";
				PRODUCT_NAME = "$(TARGET_NAME)";
				SWIFT_VERSION = 4.0;
				TARGETED_DEVICE_FAMILY = "1,2";
			};
			name = Release;
		};
/* End XCBuildConfiguration section */

/* Begin XCConfigurationList section */
		50815443207BB9BE0001B7BC /* Build configuration list for PBXProject "HealthSpaceSIMBA_iOS" */ = {
			isa = XCConfigurationList;
			buildConfigurations = (
				50815458207BB9C40001B7BC /* Debug */,
				50815459207BB9C40001B7BC /* Release */,
			);
			defaultConfigurationIsVisible = 0;
			defaultConfigurationName = Release;
		};
		5081545A207BB9C40001B7BC /* Build configuration list for PBXNativeTarget "HealthSpaceSIMBA_iOS" */ = {
			isa = XCConfigurationList;
			buildConfigurations = (
				5081545B207BB9C40001B7BC /* Debug */,
				5081545C207BB9C40001B7BC /* Release */,
			);
			defaultConfigurationIsVisible = 0;
			defaultConfigurationName = Release;
		};
/* End XCConfigurationList section */
	};
	rootObject = 50815440207BB9BE0001B7BC /* Project object */;
}
